
Microsoft Visual Studio Solution File, Format Version 11.00
# Visual Studio 2010
Project("{FAE04EC0-301F-11D3-BF4B-00C04F79EFBC}") = "_Main", "_Main.csproj", "{2AA7A6AC-B6E2-1C50-B983-9E8E730BF7F8}"
EndProject
Project("{FAE04EC0-301F-11D3-BF4B-00C04F79EFBC}") = "Tests", "Tests.csproj", "{5391F090-A508-CF9D-65A6-406895E78EB3}"
EndProject
Global
	GlobalSection(SolutionConfigurationPlatforms) = preSolution
		Debug|Any CPU = Debug|Any CPU
		Release|Any CPU = Release|Any CPU
	EndGlobalSection
	GlobalSection(ProjectConfigurationPlatforms) = postSolution
		{2AA7A6AC-B6E2-1C50-B983-9E8E730BF7F8}.Debug|Any CPU.ActiveCfg = Debug|Any CPU
		{2AA7A6AC-B6E2-1C50-B983-9E8E730BF7F8}.Debug|Any CPU.Build.0 = Debug|Any CPU
		{2AA7A6AC-B6E2-1C50-B983-9E8E730BF7F8}.Release|Any CPU.ActiveCfg = Release|Any CPU
		{2AA7A6AC-B6E2-1C50-B983-9E8E730BF7F8}.Release|Any CPU.Build.0 = Release|Any CPU
		{5391F090-A508-CF9D-65A6-406895E78EB3}.Debug|Any CPU.ActiveCfg = Debug|Any CPU
		{5391F090-A508-CF9D-65A6-406895E78EB3}.Debug|Any CPU.Build.0 = Debug|Any CPU
		{5391F090-A508-CF9D-65A6-406895E78EB3}.Release|Any CPU.ActiveCfg = Release|Any CPU
		{5391F090-A508-CF9D-65A6-406895E78EB3}.Release|Any CPU.Build.0 = Release|Any CPU
	EndGlobalSection
	GlobalSection(SolutionProperties) = preSolution
		HideSolutionNode = FALSE
	EndGlobalSection
EndGlobal
